{
  "name": "tmb-typescript",
  "lockfileVersion": 2,
  "requires": true,
  "packages": {
    "": {
      "devDependencies": {
        "@types/mocha": "^9.1.0",
        "@types/node": "^17.0.12",
        "typescript": "^4.5.5"
      }
    },
    "node_modules/@types/mocha": {
      "version": "9.1.0",
      "resolved": "https://r.cnpmjs.org/@types/mocha/-/mocha-9.1.0.tgz",
      "integrity": "sha512-QCWHkbMv4Y5U9oW10Uxbr45qMMSzl4OzijsozynUAgx3kEHUdXB00udx2dWDQ7f2TU2a2uuiFaRZjCe3unPpeg==",
      "dev": true
    },
    "node_modules/@types/node": {
      "version": "17.0.12",
      "resolved": "https://r.cnpmjs.org/@types/node/-/node-17.0.12.tgz",
      "integrity": "sha512-4YpbAsnJXWYK/fpTVFlMIcUIho2AYCi4wg5aNPrG1ng7fn/1/RZfCIpRCiBX+12RVa34RluilnvCqD+g3KiSiA==",
      "dev": true
    },
    "node_modules/typescript": {
      "version": "4.5.5",
      "resolved": "https://r.cnpmjs.org/typescript/-/typescript-4.5.5.tgz",
      "integrity": "sha512-TCTIul70LyWe6IJWT8QSYeA54WQe8EjQFU4wY52Fasj5UKx88LNYKCgBEHcOMOrFF1rKGbD8v/xcNWVUq9SymA==",
      "dev": true,
      "bin": {
        "tsc": "bin/tsc",
        "tsserver": "bin/tsserver"
      },
      "engines": {
        "node": ">=4.2.0"
      }
    }
  },
  "dependencies": {
    "@types/mocha": {
      "version": "9.1.0",
      "resolved": "https://r.cnpmjs.org/@types/mocha/-/mocha-9.1.0.tgz",
      "integrity": "sha512-QCWHkbMv4Y5U9oW10Uxbr45qMMSzl4OzijsozynUAgx3kEHUdXB00udx2dWDQ7f2TU2a2uuiFaRZjCe3unPpeg==",
      "dev": true
    },
    "@types/node": {
      "version": "17.0.12",
      "resolved": "https://r.cnpmjs.org/@types/node/-/node-17.0.12.tgz",
      "integrity": "sha512-4YpbAsnJXWYK/fpTVFlMIcUIho2AYCi4wg5aNPrG1ng7fn/1/RZfCIpRCiBX+12RVa34RluilnvCqD+g3KiSiA==",
      "dev": true
    },
    "typescript": {
      "version": "4.5.5",
      "resolved": "https://r.cnpmjs.org/typescript/-/typescript-4.5.5.tgz",
      "integrity": "sha512-TCTIul70LyWe6IJWT8QSYeA54WQe8EjQFU4wY52Fasj5UKx88LNYKCgBEHcOMOrFF1rKGbD8v/xcNWVUq9SymA==",
      "dev": true
    }
  }
}
